// !$*UTF8*$!
{
	archiveVersion = 1;
	classes = {
	};
	objectVersion = 55;
	objects = {

/* Begin PBXBuildFile section */
		742A87492B28F111002AE607 /* CoinDataService.swift in Sources */ = {isa = PBXBuildFile; fileRef = 742A87482B28F111002AE607 /* CoinDataService.swift */; };
		742A874B2B290617002AE607 /* Coin.swift in Sources */ = {isa = PBXBuildFile; fileRef = 742A874A2B290617002AE607 /* Coin.swift */; };
		7430F7C92B27AD24000DAD1E /* SwiftNetworkingApp.swift in Sources */ = {isa = PBXBuildFile; fileRef = 7430F7C82B27AD24000DAD1E /* SwiftNetworkingApp.swift */; };
		7430F7CB2B27AD24000DAD1E /* ContentView.swift in Sources */ = {isa = PBXBuildFile; fileRef = 7430F7CA2B27AD24000DAD1E /* ContentView.swift */; };
		7430F7CD2B27AD26000DAD1E /* Assets.xcassets in Resources */ = {isa = PBXBuildFile; fileRef = 7430F7CC2B27AD26000DAD1E /* Assets.xcassets */; };
		7430F7D02B27AD26000DAD1E /* Preview Assets.xcassets in Resources */ = {isa = PBXBuildFile; fileRef = 7430F7CF2B27AD26000DAD1E /* Preview Assets.xcassets */; };
		7430F7DD2B27AE95000DAD1E /* CoinsViewModel.swift in Sources */ = {isa = PBXBuildFile; fileRef = 7430F7DC2B27AE95000DAD1E /* CoinsViewModel.swift */; };
/* End PBXBuildFile section */

/* Begin PBXFileReference section */
		742A87482B28F111002AE607 /* CoinDataService.swift */ = {isa = PBXFileReference; lastKnownFileType = sourcecode.swift; path = CoinDataService.swift; sourceTree = "<group>"; };
		742A874A2B290617002AE607 /* Coin.swift */ = {isa = PBXFileReference; lastKnownFileType = sourcecode.swift; path = Coin.swift; sourceTree = "<group>"; };
		7430F7C52B27AD24000DAD1E /* SwiftNetworking.app */ = {isa = PBXFileReference; explicitFileType = wrapper.application; includeInIndex = 0; path = SwiftNetworking.app; sourceTree = BUILT_PRODUCTS_DIR; };
		7430F7C82B27AD24000DAD1E /* SwiftNetworkingApp.swift */ = {isa = PBXFileReference; lastKnownFileType = sourcecode.swift; path = SwiftNetworkingApp.swift; sourceTree = "<group>"; };
		7430F7CA2B27AD24000DAD1E /* ContentView.swift */ = {isa = PBXFileReference; lastKnownFileType = sourcecode.swift; path = ContentView.swift; sourceTree = "<group>"; };
		7430F7CC2B27AD26000DAD1E /* Assets.xcassets */ = {isa = PBXFileReference; lastKnownFileType = folder.assetcatalog; path = Assets.xcassets; sourceTree = "<group>"; };
		7430F7CF2B27AD26000DAD1E /* Preview Assets.xcassets */ = {isa = PBXFileReference; lastKnownFileType = folder.assetcatalog; path = "Preview Assets.xcassets"; sourceTree = "<group>"; };
		7430F7DC2B27AE95000DAD1E /* CoinsViewModel.swift */ = {isa = PBXFileReference; lastKnownFileType = sourcecode.swift; path = CoinsViewModel.swift; sourceTree = "<group>"; };
/* End PBXFileReference section */

/* Begin PBXFrameworksBuildPhase section */
		7430F7C22B27AD24000DAD1E /* Frameworks */ = {
			isa = PBXFrameworksBuildPhase;
			buildActionMask = 2147483647;
			files = (
			);
			runOnlyForDeploymentPostprocessing = 0;
		};
/* End PBXFrameworksBuildPhase section */

/* Begin PBXGroup section */
		742A87472B28F0ED002AE607 /* Service */ = {
			isa = PBXGroup;
			children = (
				742A87482B28F111002AE607 /* CoinDataService.swift */,
			);
			path = Service;
			sourceTree = "<group>";
		};
		7430F7BC2B27AD24000DAD1E = {
			isa = PBXGroup;
			children = (
				7430F7C72B27AD24000DAD1E /* SwiftNetworking */,
				7430F7C62B27AD24000DAD1E /* Products */,
			);
			sourceTree = "<group>";
		};
		7430F7C62B27AD24000DAD1E /* Products */ = {
			isa = PBXGroup;
			children = (
				7430F7C52B27AD24000DAD1E /* SwiftNetworking.app */,
			);
			name = Products;
			sourceTree = "<group>";
		};
		7430F7C72B27AD24000DAD1E /* SwiftNetworking */ = {
			isa = PBXGroup;
			children = (
				7430F7D62B27AD41000DAD1E /* App */,
				7430F7D82B27AD72000DAD1E /* Core */,
				7430F7CC2B27AD26000DAD1E /* Assets.xcassets */,
				7430F7CE2B27AD26000DAD1E /* Preview Content */,
			);
			path = SwiftNetworking;
			sourceTree = "<group>";
		};
		7430F7CE2B27AD26000DAD1E /* Preview Content */ = {
			isa = PBXGroup;
			children = (
				7430F7CF2B27AD26000DAD1E /* Preview Assets.xcassets */,
			);
			path = "Preview Content";
			sourceTree = "<group>";
		};
		7430F7D62B27AD41000DAD1E /* App */ = {
			isa = PBXGroup;
			children = (
				7430F7C82B27AD24000DAD1E /* SwiftNetworkingApp.swift */,
			);
			path = App;
			sourceTree = "<group>";
		};
		7430F7D82B27AD72000DAD1E /* Core */ = {
			isa = PBXGroup;
			children = (
				742A87472B28F0ED002AE607 /* Service */,
				7430F7DB2B27ADC5000DAD1E /* Model */,
				7430F7DA2B27ADB7000DAD1E /* View */,
				7430F7D92B27ADA4000DAD1E /* ViewModel */,
			);
			path = Core;
			sourceTree = "<group>";
		};
		7430F7D92B27ADA4000DAD1E /* ViewModel */ = {
			isa = PBXGroup;
			children = (
				7430F7DC2B27AE95000DAD1E /* CoinsViewModel.swift */,
			);
			path = ViewModel;
			sourceTree = "<group>";
		};
		7430F7DA2B27ADB7000DAD1E /* View */ = {
			isa = PBXGroup;
			children = (
				7430F7CA2B27AD24000DAD1E /* ContentView.swift */,
			);
			path = View;
			sourceTree = "<group>";
		};
		7430F7DB2B27ADC5000DAD1E /* Model */ = {
			isa = PBXGroup;
			children = (
				742A874A2B290617002AE607 /* Coin.swift */,
			);
			path = Model;
			sourceTree = "<group>";
		};
/* End PBXGroup section */

/* Begin PBXNativeTarget section */
		7430F7C42B27AD24000DAD1E /* SwiftNetworking */ = {
			isa = PBXNativeTarget;
			buildConfigurationList = 7430F7D32B27AD26000DAD1E /* Build configuration list for PBXNativeTarget "SwiftNetworking" */;
			buildPhases = (
				7430F7C12B27AD24000DAD1E /* Sources */,
				7430F7C22B27AD24000DAD1E /* Frameworks */,
				7430F7C32B27AD24000DAD1E /* Resources */,
			);
			buildRules = (
			);
			dependencies = (
			);
			name = SwiftNetworking;
			productName = SwiftNetworking;
			productReference = 7430F7C52B27AD24000DAD1E /* SwiftNetworking.app */;
			productType = "com.apple.product-type.application";
		};
/* End PBXNativeTarget section */

/* Begin PBXProject section */
		7430F7BD2B27AD24000DAD1E /* Project object */ = {
			isa = PBXProject;
			attributes = {
				BuildIndependentTargetsInParallel = 1;
				LastSwiftUpdateCheck = 1320;
				LastUpgradeCheck = 1320;
				TargetAttributes = {
					7430F7C42B27AD24000DAD1E = {
						CreatedOnToolsVersion = 13.2.1;
					};
				};
			};
			buildConfigurationList = 7430F7C02B27AD24000DAD1E /* Build configuration list for PBXProject "SwiftNetworking" */;
			compatibilityVersion = "Xcode 13.0";
			developmentRegion = en;
			hasScannedForEncodings = 0;
			knownRegions = (
				en,
				Base,
			);
			mainGroup = 7430F7BC2B27AD24000DAD1E;
			productRefGroup = 7430F7C62B27AD24000DAD1E /* Products */;
			projectDirPath = "";
			projectRoot = "";
			targets = (
				7430F7C42B27AD24000DAD1E /* SwiftNetworking */,
			);
		};
/* End PBXProject section */

/* Begin PBXResourcesBuildPhase section */
		7430F7C32B27AD24000DAD1E /* Resources */ = {
			isa = PBXResourcesBuildPhase;
			buildActionMask = 2147483647;
			files = (
				7430F7D02B27AD26000DAD1E /* Preview Assets.xcassets in Resources */,
				7430F7CD2B27AD26000DAD1E /* Assets.xcassets in Resources */,
			);
			runOnlyForDeploymentPostprocessing = 0;
		};
/* End PBXResourcesBuildPhase section */

/* Begin PBXSourcesBuildPhase section */
		7430F7C12B27AD24000DAD1E /* Sources */ = {
			isa = PBXSourcesBuildPhase;
			buildActionMask = 2147483647;
			files = (
				742A87492B28F111002AE607 /* CoinDataService.swift in Sources */,
				7430F7CB2B27AD24000DAD1E /* ContentView.swift in Sources */,
				7430F7DD2B27AE95000DAD1E /* CoinsViewModel.swift in Sources */,
				742A874B2B290617002AE607 /* Coin.swift in Sources */,
				7430F7C92B27AD24000DAD1E /* SwiftNetworkingApp.swift in Sources */,
			);
			runOnlyForDeploymentPostprocessing = 0;
		};
/* End PBXSourcesBuildPhase section */

/* Begin XCBuildConfiguration section */
		7430F7D12B27AD26000DAD1E /* Debug */ = {
			isa = XCBuildConfiguration;
			buildSettings = {
				ALWAYS_SEARCH_USER_PATHS = NO;
				CLANG_ANALYZER_NONNULL = YES;
				CLANG_ANALYZER_NUMBER_OBJECT_CONVERSION = YES_AGGRESSIVE;
				CLANG_CXX_LANGUAGE_STANDARD = "gnu++17";
				CLANG_CXX_LIBRARY = "libc++";
				CLANG_ENABLE_MODULES = YES;
				CLANG_ENABLE_OBJC_ARC = YES;
				CLANG_ENABLE_OBJC_WEAK = YES;
				CLANG_WARN_BLOCK_CAPTURE_AUTORELEASING = YES;
				CLANG_WARN_BOOL_CONVERSION = YES;
				CLANG_WARN_COMMA = YES;
				CLANG_WARN_CONSTANT_CONVERSION = YES;
				CLANG_WARN_DEPRECATED_OBJC_IMPLEMENTATIONS = YES;
				CLANG_WARN_DIRECT_OBJC_ISA_USAGE = YES_ERROR;
				CLANG_WARN_DOCUMENTATION_COMMENTS = YES;
				CLANG_WARN_EMPTY_BODY = YES;
				CLANG_WARN_ENUM_CONVERSION = YES;
				CLANG_WARN_INFINITE_RECURSION = YES;
				CLANG_WARN_INT_CONVERSION = YES;
				CLANG_WARN_NON_LITERAL_NULL_CONVERSION = YES;
				CLANG_WARN_OBJC_IMPLICIT_RETAIN_SELF = YES;
				CLANG_WARN_OBJC_LITERAL_CONVERSION = YES;
				CLANG_WARN_OBJC_ROOT_CLASS = YES_ERROR;
				CLANG_WARN_QUOTED_INCLUDE_IN_FRAMEWORK_HEADER = YES;
				CLANG_WARN_RANGE_LOOP_ANALYSIS = YES;
				CLANG_WARN_STRICT_PROTOTYPES = YES;
				CLANG_WARN_SUSPICIOUS_MOVE = YES;
				CLANG_WARN_UNGUARDED_AVAILABILITY = YES_AGGRESSIVE;
				CLANG_WARN_UNREACHABLE_CODE = YES;
				CLANG_WARN__DUPLICATE_METHOD_MATCH = YES;
				COPY_PHASE_STRIP = NO;
				DEBUG_INFORMATION_FORMAT = dwarf;
				ENABLE_STRICT_OBJC_MSGSEND = YES;
				ENABLE_TESTABILITY = YES;
				GCC_C_LANGUAGE_STANDARD = gnu11;
				GCC_DYNAMIC_NO_PIC = NO;
				GCC_NO_COMMON_BLOCKS = YES;
				GCC_OPTIMIZATION_LEVEL = 0;
				GCC_PREPROCESSOR_DEFINITIONS = (
					"DEBUG=1",
					"$(inherited)",
				);
				GCC_WARN_64_TO_32_BIT_CONVERSION = YES;
				GCC_WARN_ABOUT_RETURN_TYPE = YES_ERROR;
				GCC_WARN_UNDECLARED_SELECTOR = YES;
				GCC_WARN_UNINITIALIZED_AUTOS = YES_AGGRESSIVE;
				GCC_WARN_UNUSED_FUNCTION = YES;
				GCC_WARN_UNUSED_VARIABLE = YES;
				IPHONEOS_DEPLOYMENT_TARGET = 15.2;
				MTL_ENABLE_DEBUG_INFO = INCLUDE_SOURCE;
				MTL_FAST_MATH = YES;
				ONLY_ACTIVE_ARCH = YES;
				SDKROOT = iphoneos;
				SWIFT_ACTIVE_COMPILATION_CONDITIONS = DEBUG;
				SWIFT_OPTIMIZATION_LEVEL = "-Onone";
			};
			name = Debug;
		};
		7430F7D22B27AD26000DAD1E /* Release */ = {
			isa = XCBuildConfiguration;
			buildSettings = {
				ALWAYS_SEARCH_USER_PATHS = NO;
				CLANG_ANALYZER_NONNULL = YES;
				CLANG_ANALYZER_NUMBER_OBJECT_CONVERSION = YES_AGGRESSIVE;
				CLANG_CXX_LANGUAGE_STANDARD = "gnu++17";
				CLANG_CXX_LIBRARY = "libc++";
				CLANG_ENABLE_MODULES = YES;
				CLANG_ENABLE_OBJC_ARC = YES;
				CLANG_ENABLE_OBJC_WEAK = YES;
				CLANG_WARN_BLOCK_CAPTURE_AUTORELEASING = YES;
				CLANG_WARN_BOOL_CONVERSION = YES;
				CLANG_WARN_COMMA = YES;
				CLANG_WARN_CONSTANT_CONVERSION = YES;
				CLANG_WARN_DEPRECATED_OBJC_IMPLEMENTATIONS = YES;
				CLANG_WARN_DIRECT_OBJC_ISA_USAGE = YES_ERROR;
				CLANG_WARN_DOCUMENTATION_COMMENTS = YES;
				CLANG_WARN_EMPTY_BODY = YES;
				CLANG_WARN_ENUM_CONVERSION = YES;
				CLANG_WARN_INFINITE_RECURSION = YES;
				CLANG_WARN_INT_CONVERSION = YES;
				CLANG_WARN_NON_LITERAL_NULL_CONVERSION = YES;
				CLANG_WARN_OBJC_IMPLICIT_RETAIN_SELF = YES;
				CLANG_WARN_OBJC_LITERAL_CONVERSION = YES;
				CLANG_WARN_OBJC_ROOT_CLASS = YES_ERROR;
				CLANG_WARN_QUOTED_INCLUDE_IN_FRAMEWORK_HEADER = YES;
				CLANG_WARN_RANGE_LOOP_ANALYSIS = YES;
				CLANG_WARN_STRICT_PROTOTYPES = YES;
				CLANG_WARN_SUSPICIOUS_MOVE = YES;
				CLANG_WARN_UNGUARDED_AVAILABILITY = YES_AGGRESSIVE;
				CLANG_WARN_UNREACHABLE_CODE = YES;
				CLANG_WARN__DUPLICATE_METHOD_MATCH = YES;
				COPY_PHASE_STRIP = NO;
				DEBUG_INFORMATION_FORMAT = "dwarf-with-dsym";
				ENABLE_NS_ASSERTIONS = NO;
				ENABLE_STRICT_OBJC_MSGSEND = YES;
				GCC_C_LANGUAGE_STANDARD = gnu11;
				GCC_NO_COMMON_BLOCKS = YES;
				GCC_WARN_64_TO_32_BIT_CONVERSION = YES;
				GCC_WARN_ABOUT_RETURN_TYPE = YES_ERROR;
				GCC_WARN_UNDECLARED_SELECTOR = YES;
				GCC_WARN_UNINITIALIZED_AUTOS = YES_AGGRESSIVE;
				GCC_WARN_UNUSED_FUNCTION = YES;
				GCC_WARN_UNUSED_VARIABLE = YES;
				IPHONEOS_DEPLOYMENT_TARGET = 15.2;
				MTL_ENABLE_DEBUG_INFO = NO;
				MTL_FAST_MATH = YES;
				SDKROOT = iphoneos;
				SWIFT_COMPILATION_MODE = wholemodule;
				SWIFT_OPTIMIZATION_LEVEL = "-O";
				VALIDATE_PRODUCT = YES;
			};
			name = Release;
		};
		7430F7D42B27AD26000DAD1E /* Debug */ = {
			isa = XCBuildConfiguration;
			buildSettings = {
				ASSETCATALOG_COMPILER_APPICON_NAME = AppIcon;
				ASSETCATALOG_COMPILER_GLOBAL_ACCENT_COLOR_NAME = AccentColor;
				CODE_SIGN_STYLE = Automatic;
				CURRENT_PROJECT_VERSION = 1;
				DEVELOPMENT_ASSET_PATHS = "\"SwiftNetworking/Preview Content\"";
				ENABLE_PREVIEWS = YES;
				GENERATE_INFOPLIST_FILE = YES;
				INFOPLIST_KEY_UIApplicationSceneManifest_Generation = YES;
				INFOPLIST_KEY_UIApplicationSupportsIndirectInputEvents = YES;
				INFOPLIST_KEY_UILaunchScreen_Generation = YES;
				INFOPLIST_KEY_UISupportedInterfaceOrientations_iPad = "UIInterfaceOrientationPortrait UIInterfaceOrientationPortraitUpsideDown UIInterfaceOrientationLandscapeLeft UIInterfaceOrientationLandscapeRight";
				INFOPLIST_KEY_UISupportedInterfaceOrientations_iPhone = "UIInterfaceOrientationPortrait UIInterfaceOrientationLandscapeLeft UIInterfaceOrientationLandscapeRight";
				LD_RUNPATH_SEARCH_PATHS = (
					"$(inherited)",
					"@executable_path/Frameworks",
				);
				MARKETING_VERSION = 1.0;
				PRODUCT_BUNDLE_IDENTIFIER = temp.SwiftNetworking;
				PRODUCT_NAME = "$(TARGET_NAME)";
				SWIFT_EMIT_LOC_STRINGS = YES;
				SWIFT_VERSION = 5.0;
				TARGETED_DEVICE_FAMILY = "1,2";
			};
			name = Debug;
		};
		7430F7D52B27AD26000DAD1E /* Release */ = {
			isa = XCBuildConfiguration;
			buildSettings = {
				ASSETCATALOG_COMPILER_APPICON_NAME = AppIcon;
				ASSETCATALOG_COMPILER_GLOBAL_ACCENT_COLOR_NAME = AccentColor;
				CODE_SIGN_STYLE = Automatic;
				CURRENT_PROJECT_VERSION = 1;
				DEVELOPMENT_ASSET_PATHS = "\"SwiftNetworking/Preview Content\"";
				ENABLE_PREVIEWS = YES;
				GENERATE_INFOPLIST_FILE = YES;
				INFOPLIST_KEY_UIApplicationSceneManifest_Generation = YES;
				INFOPLIST_KEY_UIApplicationSupportsIndirectInputEvents = YES;
				INFOPLIST_KEY_UILaunchScreen_Generation = YES;
				INFOPLIST_KEY_UISupportedInterfaceOrientations_iPad = "UIInterfaceOrientationPortrait UIInterfaceOrientationPortraitUpsideDown UIInterfaceOrientationLandscapeLeft UIInterfaceOrientationLandscapeRight";
				INFOPLIST_KEY_UISupportedInterfaceOrientations_iPhone = "UIInterfaceOrientationPortrait UIInterfaceOrientationLandscapeLeft UIInterfaceOrientationLandscapeRight";
				LD_RUNPATH_SEARCH_PATHS = (
					"$(inherited)",
					"@executable_path/Frameworks",
				);
				MARKETING_VERSION = 1.0;
				PRODUCT_BUNDLE_IDENTIFIER = temp.SwiftNetworking;
				PRODUCT_NAME = "$(TARGET_NAME)";
				SWIFT_EMIT_LOC_STRINGS = YES;
				SWIFT_VERSION = 5.0;
				TARGETED_DEVICE_FAMILY = "1,2";
			};
			name = Release;
		};
/* End XCBuildConfiguration section */

/* Begin XCConfigurationList section */
		7430F7C02B27AD24000DAD1E /* Build configuration list for PBXProject "SwiftNetworking" */ = {
			isa = XCConfigurationList;
			buildConfigurations = (
				7430F7D12B27AD26000DAD1E /* Debug */,
				7430F7D22B27AD26000DAD1E /* Release */,
			);
			defaultConfigurationIsVisible = 0;
			defaultConfigurationName = Release;
		};
		7430F7D32B27AD26000DAD1E /* Build configuration list for PBXNativeTarget "SwiftNetworking" */ = {
			isa = XCConfigurationList;
			buildConfigurations = (
				7430F7D42B27AD26000DAD1E /* Debug */,
				7430F7D52B27AD26000DAD1E /* Release */,
			);
			defaultConfigurationIsVisible = 0;
			defaultConfigurationName = Release;
		};
/* End XCConfigurationList section */
	};
	rootObject = 7430F7BD2B27AD24000DAD1E /* Project object */;
}
